
Microsoft Visual Studio Solution File, Format Version 12.00
# Visual Studio Version 17
VisualStudioVersion = 17.6.33829.357
MinimumVisualStudioVersion = 10.0.40219.1
Project("{FAE04EC0-301F-11D3-BF4B-00C04F79EFBC}") = "FIT5032_MyCSS", "FIT5032_MyCSS\FIT5032_MyCSS.csproj", "{437C510A-FDFB-4461-BF60-906857118129}"
EndProject
Project("{FAE04EC0-301F-11D3-BF4B-00C04F79EFBC}") = "FIT5032_MyCSS.Tests", "FIT5032_MyCSS.Tests\FIT5032_MyCSS.Tests.csproj", "{7D0A86C1-9C95-4EAF-B60F-08ECB3C06724}"
EndProject
Global
	GlobalSection(SolutionConfigurationPlatforms) = preSolution
		Debug|Any CPU = Debug|Any CPU
		Release|Any CPU = Release|Any CPU
	EndGlobalSection
	GlobalSection(ProjectConfigurationPlatforms) = postSolution
		{437C510A-FDFB-4461-BF60-906857118129}.Debug|Any CPU.ActiveCfg = Debug|Any CPU
		{437C510A-FDFB-4461-BF60-906857118129}.Debug|Any CPU.Build.0 = Debug|Any CPU
		{437C510A-FDFB-4461-BF60-906857118129}.Release|Any CPU.ActiveCfg = Release|Any CPU
		{437C510A-FDFB-4461-BF60-906857118129}.Release|Any CPU.Build.0 = Release|Any CPU
		{7D0A86C1-9C95-4EAF-B60F-08ECB3C06724}.Debug|Any CPU.ActiveCfg = Debug|Any CPU
		{7D0A86C1-9C95-4EAF-B60F-08ECB3C06724}.Debug|Any CPU.Build.0 = Debug|Any CPU
		{7D0A86C1-9C95-4EAF-B60F-08ECB3C06724}.Release|Any CPU.ActiveCfg = Release|Any CPU
		{7D0A86C1-9C95-4EAF-B60F-08ECB3C06724}.Release|Any CPU.Build.0 = Release|Any CPU
	EndGlobalSection
	GlobalSection(SolutionProperties) = preSolution
		HideSolutionNode = FALSE
	EndGlobalSection
	GlobalSection(ExtensibilityGlobals) = postSolution
		SolutionGuid = {FA5E1C5A-252D-41C3-9A5A-75E73AE19326}
	EndGlobalSection
EndGlobal
